
Microsoft Visual Studio Solution File, Format Version 12.00
# Visual Studio Version 17
VisualStudioVersion = 17.2.32630.192
MinimumVisualStudioVersion = 10.0.40219.1
Project("{FAE04EC0-301F-11D3-BF4B-00C04F79EFBC}") = "TestStore", "TestStore.csproj", "{B205E347-0BEA-4BA2-99B2-1C8A2DB838B5}"
EndProject
Global
	GlobalSection(SolutionConfigurationPlatforms) = preSolution
		Debug|Any CPU = Debug|Any CPU
		Release|Any CPU = Release|Any CPU
	EndGlobalSection
	GlobalSection(ProjectConfigurationPlatforms) = postSolution
		{B205E347-0BEA-4BA2-99B2-1C8A2DB838B5}.Debug|Any CPU.ActiveCfg = Debug|Any CPU
		{B205E347-0BEA-4BA2-99B2-1C8A2DB838B5}.Debug|Any CPU.Build.0 = Debug|Any CPU
		{B205E347-0BEA-4BA2-99B2-1C8A2DB838B5}.Release|Any CPU.ActiveCfg = Release|Any CPU
		{B205E347-0BEA-4BA2-99B2-1C8A2DB838B5}.Release|Any CPU.Build.0 = Release|Any CPU
	EndGlobalSection
	GlobalSection(SolutionProperties) = preSolution
		HideSolutionNode = FALSE
	EndGlobalSection
	GlobalSection(ExtensibilityGlobals) = postSolution
		SolutionGuid = {EDA82ACF-F04A-46FF-8F57-F9CAA278CE45}
	EndGlobalSection
EndGlobal
